
Microsoft Visual Studio Solution File, Format Version 12.00
# Visual Studio 15
VisualStudioVersion = 15.0.28307.902
MinimumVisualStudioVersion = 10.0.40219.1
Project("{151D2E53-A2C4-4D7D-83FE-D05416EBD58E}") = "Office365Integration", "Office365Integration\Office365Integration.deployproj", "{AA2FDA0E-6353-48C8-8F03-CE83362812F3}"
EndProject
Global
	GlobalSection(SolutionConfigurationPlatforms) = preSolution
		Debug|Any CPU = Debug|Any CPU
		Release|Any CPU = Release|Any CPU
	EndGlobalSection
	GlobalSection(ProjectConfigurationPlatforms) = postSolution
		{AA2FDA0E-6353-48C8-8F03-CE83362812F3}.Debug|Any CPU.ActiveCfg = Debug|Any CPU
		{AA2FDA0E-6353-48C8-8F03-CE83362812F3}.Debug|Any CPU.Build.0 = Debug|Any CPU
		{AA2FDA0E-6353-48C8-8F03-CE83362812F3}.Release|Any CPU.ActiveCfg = Release|Any CPU
		{AA2FDA0E-6353-48C8-8F03-CE83362812F3}.Release|Any CPU.Build.0 = Release|Any CPU
	EndGlobalSection
	GlobalSection(SolutionProperties) = preSolution
		HideSolutionNode = FALSE
	EndGlobalSection
	GlobalSection(ExtensibilityGlobals) = postSolution
		SolutionGuid = {E5733A61-6F04-4580-B306-22CC9BE74651}
	EndGlobalSection
EndGlobal
